lockfileVersion: '6.0'

settings:
  autoInstallPeers: true
  excludeLinksFromLockfile: false

dependencies:
  chalk:
    specifier: ^5.3.0
    version: 5.3.0
  randomcolor:
    specifier: ^0.6.2
    version: 0.6.2

devDependencies:
  '@types/randomcolor':
    specifier: ^0.5.7
    version: 0.5.7
  typescript:
    specifier: ^5.2.2
    version: 5.2.2

packages:

  /@types/randomcolor@0.5.7:
    resolution: {integrity: sha512-LPcG96dGYRCsXlk1fslUNIg6ebEi+bKNyn84uBL/pu2cRSf5i/djD3ArJZOyzszVMVV/DB87va6pMZP+tRSl/w==}
    dev: true

  /chalk@5.3.0:
    resolution: {integrity: sha512-dLitG79d+GV1Nb/VYcCDFivJeK1hiukt9QjRNVOsUtTy1rR1YJsmpGGTZ3qJos+uw7WmWF4wUwBd9jxjocFC2w==}
    engines: {node: ^12.17.0 || ^14.13 || >=16.0.0}
    dev: false

  /randomcolor@0.6.2:
    resolution: {integrity: sha512-Mn6TbyYpFgwFuQ8KJKqf3bqqY9O1y37/0jgSK/61PUxV4QfIMv0+K2ioq8DfOjkBslcjwSzRfIDEXfzA9aCx7A==}
    dev: false

  /typescript@5.2.2:
    resolution: {integrity: sha512-mI4WrpHsbCIcwT9cF4FZvr80QUeKvsUsUvKDoR+X/7XHQH98xYD8YHZg7ANtz2GtZt/CBq2QJ0thkGJMHfqc1w==}
    engines: {node: '>=14.17'}
    hasBin: true
    dev: true
